github.com/davecgh/go-spew v1.1.1/go.mod h1:J7Y8YcW2NihsgmVo/mv3lAwl/skON4iLHjSsI+c5H38=
github.com/lucasew/gocfg v0.0.0-20251220230948-b6abd4517e0e h1:6+kmVRryyPoMfR7n0Tf8L/WtJhegsdJnNsBAFWvKEYk=
github.com/lucasew/gocfg v0.0.0-20251220230948-b6abd4517e0e/go.mod h1:kkmvQkm0PNEN5T8SD4w1ZKNu3iBrsIp951uehrO0cRM=
